// !$*UTF8*$!
{
	archiveVersion = 1;
	classes = {
	};
	objectVersion = 56;
	objects = {

/* Begin PBXBuildFile section */
		9B95BED22B7058A600B7CB64 /* ContentView.swift in Sources */ = {isa = PBXBuildFile; fileRef = 9B95BED12B7058A600B7CB64 /* ContentView.swift */; };
		9B95BED42B70654000B7CB64 /* AppNavigation.swift in Sources */ = {isa = PBXBuildFile; fileRef = 9B95BED32B70654000B7CB64 /* AppNavigation.swift */; };
		9B95BED62B70658F00B7CB64 /* ViewFactory.swift in Sources */ = {isa = PBXBuildFile; fileRef = 9B95BED52B70658F00B7CB64 /* ViewFactory.swift */; };
		9BBC9BA72B7029B300EAF9E9 /* FlashcardListView.swift in Sources */ = {isa = PBXBuildFile; fileRef = 9BBC9BA62B7029B300EAF9E9 /* FlashcardListView.swift */; };
		9BBC9BA92B7029CD00EAF9E9 /* FlashcardListViewViewModel.swift in Sources */ = {isa = PBXBuildFile; fileRef = 9BBC9BA82B7029CD00EAF9E9 /* FlashcardListViewViewModel.swift */; };
		9BBC9BAB2B702ABA00EAF9E9 /* SingleFlashcardView.swift in Sources */ = {isa = PBXBuildFile; fileRef = 9BBC9BAA2B702ABA00EAF9E9 /* SingleFlashcardView.swift */; };
		9BBC9BAD2B702AD000EAF9E9 /* SingleFlashcardViewViewModel.swift in Sources */ = {isa = PBXBuildFile; fileRef = 9BBC9BAC2B702AD000EAF9E9 /* SingleFlashcardViewViewModel.swift */; };
		E80821E22B6844F10071DA21 /* BrainifyApp.swift in Sources */ = {isa = PBXBuildFile; fileRef = E80821E12B6844F10071DA21 /* BrainifyApp.swift */; };
		E80821E42B6844F10071DA21 /* MainView.swift in Sources */ = {isa = PBXBuildFile; fileRef = E80821E32B6844F10071DA21 /* MainView.swift */; };
		E80821E62B6844F30071DA21 /* Assets.xcassets in Resources */ = {isa = PBXBuildFile; fileRef = E80821E52B6844F30071DA21 /* Assets.xcassets */; };
		E80821E92B6844F30071DA21 /* Preview Assets.xcassets in Resources */ = {isa = PBXBuildFile; fileRef = E80821E82B6844F30071DA21 /* Preview Assets.xcassets */; };
		E80821F12B6845F40071DA21 /* FirebaseAnalytics in Frameworks */ = {isa = PBXBuildFile; productRef = E80821F02B6845F40071DA21 /* FirebaseAnalytics */; };
		E80821F32B6845F40071DA21 /* FirebaseAnalyticsOnDeviceConversion in Frameworks */ = {isa = PBXBuildFile; productRef = E80821F22B6845F40071DA21 /* FirebaseAnalyticsOnDeviceConversion */; };
		E80821F52B6845F50071DA21 /* FirebaseAnalyticsSwift in Frameworks */ = {isa = PBXBuildFile; productRef = E80821F42B6845F50071DA21 /* FirebaseAnalyticsSwift */; };
		E80821F72B6845F50071DA21 /* FirebaseAnalyticsWithoutAdIdSupport in Frameworks */ = {isa = PBXBuildFile; productRef = E80821F62B6845F50071DA21 /* FirebaseAnalyticsWithoutAdIdSupport */; };
		E80821F92B6845F50071DA21 /* FirebaseAppCheck in Frameworks */ = {isa = PBXBuildFile; productRef = E80821F82B6845F50071DA21 /* FirebaseAppCheck */; };
		E80821FF2B684BDB0071DA21 /* GoogleService-Info.plist in Resources */ = {isa = PBXBuildFile; fileRef = E80821FE2B684BDA0071DA21 /* GoogleService-Info.plist */; };
		E80822012B684CBD0071DA21 /* DecksView.swift in Sources */ = {isa = PBXBuildFile; fileRef = E80822002B684CBD0071DA21 /* DecksView.swift */; };
		E80822032B684CCC0071DA21 /* SettingsView.swift in Sources */ = {isa = PBXBuildFile; fileRef = E80822022B684CCC0071DA21 /* SettingsView.swift */; };
		E80822062B684CDF0071DA21 /* AboutView.swift in Sources */ = {isa = PBXBuildFile; fileRef = E80822052B684CDF0071DA21 /* AboutView.swift */; };
		E80822082B684CE90071DA21 /* AddDeckView.swift in Sources */ = {isa = PBXBuildFile; fileRef = E80822072B684CE90071DA21 /* AddDeckView.swift */; };
		E808220A2B684CF30071DA21 /* SingleDeckView.swift in Sources */ = {isa = PBXBuildFile; fileRef = E80822092B684CF30071DA21 /* SingleDeckView.swift */; };
		E808220C2B684D050071DA21 /* EditDeckView.swift in Sources */ = {isa = PBXBuildFile; fileRef = E808220B2B684D050071DA21 /* EditDeckView.swift */; };
		E808220E2B684D0C0071DA21 /* ProfileView.swift in Sources */ = {isa = PBXBuildFile; fileRef = E808220D2B684D0C0071DA21 /* ProfileView.swift */; };
		E80822102B684D150071DA21 /* LoginView.swift in Sources */ = {isa = PBXBuildFile; fileRef = E808220F2B684D150071DA21 /* LoginView.swift */; };
		E80822122B684D1B0071DA21 /* RegisterView.swift in Sources */ = {isa = PBXBuildFile; fileRef = E80822112B684D1B0071DA21 /* RegisterView.swift */; };
		E80822142B684D4A0071DA21 /* User.swift in Sources */ = {isa = PBXBuildFile; fileRef = E80822132B684D4A0071DA21 /* User.swift */; };
		E80822162B684D540071DA21 /* Deck.swift in Sources */ = {isa = PBXBuildFile; fileRef = E80822152B684D540071DA21 /* Deck.swift */; };
		E80822182B684D600071DA21 /* Flashcard.swift in Sources */ = {isa = PBXBuildFile; fileRef = E80822172B684D600071DA21 /* Flashcard.swift */; };
		E808221A2B684D910071DA21 /* MainViewViewModel.swift in Sources */ = {isa = PBXBuildFile; fileRef = E80822192B684D910071DA21 /* MainViewViewModel.swift */; };
		E808221C2B684D970071DA21 /* DecksViewViewModel.swift in Sources */ = {isa = PBXBuildFile; fileRef = E808221B2B684D970071DA21 /* DecksViewViewModel.swift */; };
		E808221E2B684DA30071DA21 /* SettingsViewViewModel.swift in Sources */ = {isa = PBXBuildFile; fileRef = E808221D2B684DA30071DA21 /* SettingsViewViewModel.swift */; };
		E80822202B684DAD0071DA21 /* AboutViewViewModel.swift in Sources */ = {isa = PBXBuildFile; fileRef = E808221F2B684DAD0071DA21 /* AboutViewViewModel.swift */; };
		E80822222B684DBF0071DA21 /* AddDeckViewViewModel.swift in Sources */ = {isa = PBXBuildFile; fileRef = E80822212B684DBF0071DA21 /* AddDeckViewViewModel.swift */; };
		E80822242B684DD60071DA21 /* SingleDeckViewViewModel.swift in Sources */ = {isa = PBXBuildFile; fileRef = E80822232B684DD60071DA21 /* SingleDeckViewViewModel.swift */; };
		E80822262B684DE10071DA21 /* EditDeckViewViewModel.swift in Sources */ = {isa = PBXBuildFile; fileRef = E80822252B684DE10071DA21 /* EditDeckViewViewModel.swift */; };
		E80822282B684DF30071DA21 /* ProfileViewViewModel.swift in Sources */ = {isa = PBXBuildFile; fileRef = E80822272B684DF30071DA21 /* ProfileViewViewModel.swift */; };
		E808222A2B684DFE0071DA21 /* LoginViewViewModel.swift in Sources */ = {isa = PBXBuildFile; fileRef = E80822292B684DFE0071DA21 /* LoginViewViewModel.swift */; };
		E808222C2B684E070071DA21 /* RegisterViewViewModel.swift in Sources */ = {isa = PBXBuildFile; fileRef = E808222B2B684E070071DA21 /* RegisterViewViewModel.swift */; };
		E808222E2B6855A80071DA21 /* HeaderView.swift in Sources */ = {isa = PBXBuildFile; fileRef = E808222D2B6855A80071DA21 /* HeaderView.swift */; };
		E80822302B685BBB0071DA21 /* CustomButton.swift in Sources */ = {isa = PBXBuildFile; fileRef = E808222F2B685BBB0071DA21 /* CustomButton.swift */; };
		E80822322B6860470071DA21 /* FirebaseAnalytics in Frameworks */ = {isa = PBXBuildFile; productRef = E80822312B6860470071DA21 /* FirebaseAnalytics */; };
		E80822342B6860470071DA21 /* FirebaseAnalyticsOnDeviceConversion in Frameworks */ = {isa = PBXBuildFile; productRef = E80822332B6860470071DA21 /* FirebaseAnalyticsOnDeviceConversion */; };
		E80822362B6860470071DA21 /* FirebaseAnalyticsSwift in Frameworks */ = {isa = PBXBuildFile; productRef = E80822352B6860470071DA21 /* FirebaseAnalyticsSwift */; };
		E80822382B6860470071DA21 /* FirebaseAnalyticsWithoutAdIdSupport in Frameworks */ = {isa = PBXBuildFile; productRef = E80822372B6860470071DA21 /* FirebaseAnalyticsWithoutAdIdSupport */; };
		E808223A2B6860470071DA21 /* FirebaseAppCheck in Frameworks */ = {isa = PBXBuildFile; productRef = E80822392B6860470071DA21 /* FirebaseAppCheck */; };
		E808223C2B6860470071DA21 /* FirebaseAppDistribution-Beta in Frameworks */ = {isa = PBXBuildFile; productRef = E808223B2B6860470071DA21 /* FirebaseAppDistribution-Beta */; };
		E808223E2B6860470071DA21 /* FirebaseAuth in Frameworks */ = {isa = PBXBuildFile; productRef = E808223D2B6860470071DA21 /* FirebaseAuth */; };
		E80822402B6860470071DA21 /* FirebaseAuthCombine-Community in Frameworks */ = {isa = PBXBuildFile; productRef = E808223F2B6860470071DA21 /* FirebaseAuthCombine-Community */; };
		E80822422B6860470071DA21 /* FirebaseCrashlytics in Frameworks */ = {isa = PBXBuildFile; productRef = E80822412B6860470071DA21 /* FirebaseCrashlytics */; };
		E80822442B6860470071DA21 /* FirebaseDatabase in Frameworks */ = {isa = PBXBuildFile; productRef = E80822432B6860470071DA21 /* FirebaseDatabase */; };
		E80822462B6860470071DA21 /* FirebaseDatabaseSwift in Frameworks */ = {isa = PBXBuildFile; productRef = E80822452B6860470071DA21 /* FirebaseDatabaseSwift */; };
		E80822482B6860470071DA21 /* FirebaseDynamicLinks in Frameworks */ = {isa = PBXBuildFile; productRef = E80822472B6860470071DA21 /* FirebaseDynamicLinks */; };
		E808224A2B6860470071DA21 /* FirebaseFirestore in Frameworks */ = {isa = PBXBuildFile; productRef = E80822492B6860470071DA21 /* FirebaseFirestore */; };
		E808224C2B6860470071DA21 /* FirebaseFirestoreCombine-Community in Frameworks */ = {isa = PBXBuildFile; productRef = E808224B2B6860470071DA21 /* FirebaseFirestoreCombine-Community */; };
		E808224E2B6860470071DA21 /* FirebaseFirestoreSwift in Frameworks */ = {isa = PBXBuildFile; productRef = E808224D2B6860470071DA21 /* FirebaseFirestoreSwift */; };
		E80822502B6860470071DA21 /* FirebaseFunctions in Frameworks */ = {isa = PBXBuildFile; productRef = E808224F2B6860470071DA21 /* FirebaseFunctions */; };
		E80822522B6860470071DA21 /* FirebaseFunctionsCombine-Community in Frameworks */ = {isa = PBXBuildFile; productRef = E80822512B6860470071DA21 /* FirebaseFunctionsCombine-Community */; };
		E80822542B6860470071DA21 /* FirebaseInAppMessaging-Beta in Frameworks */ = {isa = PBXBuildFile; productRef = E80822532B6860470071DA21 /* FirebaseInAppMessaging-Beta */; };
		E80822562B6860470071DA21 /* FirebaseInAppMessagingSwift-Beta in Frameworks */ = {isa = PBXBuildFile; productRef = E80822552B6860470071DA21 /* FirebaseInAppMessagingSwift-Beta */; };
		E80822582B6860470071DA21 /* FirebaseInstallations in Frameworks */ = {isa = PBXBuildFile; productRef = E80822572B6860470071DA21 /* FirebaseInstallations */; };
		E808225A2B6860470071DA21 /* FirebaseMLModelDownloader in Frameworks */ = {isa = PBXBuildFile; productRef = E80822592B6860470071DA21 /* FirebaseMLModelDownloader */; };
		E808225C2B6860470071DA21 /* FirebaseMessaging in Frameworks */ = {isa = PBXBuildFile; productRef = E808225B2B6860470071DA21 /* FirebaseMessaging */; };
		E808225E2B6860470071DA21 /* FirebasePerformance in Frameworks */ = {isa = PBXBuildFile; productRef = E808225D2B6860470071DA21 /* FirebasePerformance */; };
		E80822602B6860470071DA21 /* FirebaseRemoteConfig in Frameworks */ = {isa = PBXBuildFile; productRef = E808225F2B6860470071DA21 /* FirebaseRemoteConfig */; };
		E80822622B6860470071DA21 /* FirebaseRemoteConfigSwift in Frameworks */ = {isa = PBXBuildFile; productRef = E80822612B6860470071DA21 /* FirebaseRemoteConfigSwift */; };
		E80822642B6860470071DA21 /* FirebaseStorage in Frameworks */ = {isa = PBXBuildFile; productRef = E80822632B6860470071DA21 /* FirebaseStorage */; };
		E80822662B6860470071DA21 /* FirebaseStorageCombine-Community in Frameworks */ = {isa = PBXBuildFile; productRef = E80822652B6860470071DA21 /* FirebaseStorageCombine-Community */; };
		E808226A2B68623A0071DA21 /* Extensions.swift in Sources */ = {isa = PBXBuildFile; fileRef = E80822692B68623A0071DA21 /* Extensions.swift */; };
		E808226E2B6889EB0071DA21 /* FlashcardsView.swift in Sources */ = {isa = PBXBuildFile; fileRef = E808226D2B6889EB0071DA21 /* FlashcardsView.swift */; };
		E80822702B6889F60071DA21 /* FlashcardsViewViewModel.swift in Sources */ = {isa = PBXBuildFile; fileRef = E808226F2B6889F60071DA21 /* FlashcardsViewViewModel.swift */; };
		E80822722B68AE120071DA21 /* AddFlashcardView.swift in Sources */ = {isa = PBXBuildFile; fileRef = E80822712B68AE120071DA21 /* AddFlashcardView.swift */; };
		E80822742B68AE260071DA21 /* AddFlashcardViewViewModel.swift in Sources */ = {isa = PBXBuildFile; fileRef = E80822732B68AE260071DA21 /* AddFlashcardViewViewModel.swift */; };
/* End PBXBuildFile section */

/* Begin PBXFileReference section */
		9B95BED12B7058A600B7CB64 /* ContentView.swift */ = {isa = PBXFileReference; lastKnownFileType = sourcecode.swift; path = ContentView.swift; sourceTree = "<group>"; };
		9B95BED32B70654000B7CB64 /* AppNavigation.swift */ = {isa = PBXFileReference; lastKnownFileType = sourcecode.swift; path = AppNavigation.swift; sourceTree = "<group>"; };
		9B95BED52B70658F00B7CB64 /* ViewFactory.swift */ = {isa = PBXFileReference; lastKnownFileType = sourcecode.swift; path = ViewFactory.swift; sourceTree = "<group>"; };
		9BBC9BA62B7029B300EAF9E9 /* FlashcardListView.swift */ = {isa = PBXFileReference; lastKnownFileType = sourcecode.swift; path = FlashcardListView.swift; sourceTree = "<group>"; };
		9BBC9BA82B7029CD00EAF9E9 /* FlashcardListViewViewModel.swift */ = {isa = PBXFileReference; lastKnownFileType = sourcecode.swift; path = FlashcardListViewViewModel.swift; sourceTree = "<group>"; };
		9BBC9BAA2B702ABA00EAF9E9 /* SingleFlashcardView.swift */ = {isa = PBXFileReference; lastKnownFileType = sourcecode.swift; path = SingleFlashcardView.swift; sourceTree = "<group>"; };
		9BBC9BAC2B702AD000EAF9E9 /* SingleFlashcardViewViewModel.swift */ = {isa = PBXFileReference; lastKnownFileType = sourcecode.swift; path = SingleFlashcardViewViewModel.swift; sourceTree = "<group>"; };
		E80821DE2B6844F10071DA21 /* Brainify.app */ = {isa = PBXFileReference; explicitFileType = wrapper.application; includeInIndex = 0; path = Brainify.app; sourceTree = BUILT_PRODUCTS_DIR; };
		E80821E12B6844F10071DA21 /* BrainifyApp.swift */ = {isa = PBXFileReference; lastKnownFileType = sourcecode.swift; path = BrainifyApp.swift; sourceTree = "<group>"; };
		E80821E32B6844F10071DA21 /* MainView.swift */ = {isa = PBXFileReference; lastKnownFileType = sourcecode.swift; path = MainView.swift; sourceTree = "<group>"; };
		E80821E52B6844F30071DA21 /* Assets.xcassets */ = {isa = PBXFileReference; lastKnownFileType = folder.assetcatalog; path = Assets.xcassets; sourceTree = "<group>"; };
		E80821E82B6844F30071DA21 /* Preview Assets.xcassets */ = {isa = PBXFileReference; lastKnownFileType = folder.assetcatalog; path = "Preview Assets.xcassets"; sourceTree = "<group>"; };
		E80821FE2B684BDA0071DA21 /* GoogleService-Info.plist */ = {isa = PBXFileReference; fileEncoding = 4; lastKnownFileType = text.plist.xml; path = "GoogleService-Info.plist"; sourceTree = "<group>"; };
		E80822002B684CBD0071DA21 /* DecksView.swift */ = {isa = PBXFileReference; lastKnownFileType = sourcecode.swift; path = DecksView.swift; sourceTree = "<group>"; };
		E80822022B684CCC0071DA21 /* SettingsView.swift */ = {isa = PBXFileReference; lastKnownFileType = sourcecode.swift; path = SettingsView.swift; sourceTree = "<group>"; };
		E80822052B684CDF0071DA21 /* AboutView.swift */ = {isa = PBXFileReference; lastKnownFileType = sourcecode.swift; path = AboutView.swift; sourceTree = "<group>"; };
		E80822072B684CE90071DA21 /* AddDeckView.swift */ = {isa = PBXFileReference; lastKnownFileType = sourcecode.swift; path = AddDeckView.swift; sourceTree = "<group>"; };
		E80822092B684CF30071DA21 /* SingleDeckView.swift */ = {isa = PBXFileReference; lastKnownFileType = sourcecode.swift; path = SingleDeckView.swift; sourceTree = "<group>"; };
		E808220B2B684D050071DA21 /* EditDeckView.swift */ = {isa = PBXFileReference; lastKnownFileType = sourcecode.swift; path = EditDeckView.swift; sourceTree = "<group>"; };
		E808220D2B684D0C0071DA21 /* ProfileView.swift */ = {isa = PBXFileReference; lastKnownFileType = sourcecode.swift; path = ProfileView.swift; sourceTree = "<group>"; };
		E808220F2B684D150071DA21 /* LoginView.swift */ = {isa = PBXFileReference; lastKnownFileType = sourcecode.swift; path = LoginView.swift; sourceTree = "<group>"; };
		E80822112B684D1B0071DA21 /* RegisterView.swift */ = {isa = PBXFileReference; lastKnownFileType = sourcecode.swift; path = RegisterView.swift; sourceTree = "<group>"; };
		E80822132B684D4A0071DA21 /* User.swift */ = {isa = PBXFileReference; lastKnownFileType = sourcecode.swift; path = User.swift; sourceTree = "<group>"; };
		E80822152B684D540071DA21 /* Deck.swift */ = {isa = PBXFileReference; lastKnownFileType = sourcecode.swift; path = Deck.swift; sourceTree = "<group>"; };
		E80822172B684D600071DA21 /* Flashcard.swift */ = {isa = PBXFileReference; lastKnownFileType = sourcecode.swift; path = Flashcard.swift; sourceTree = "<group>"; };
		E80822192B684D910071DA21 /* MainViewViewModel.swift */ = {isa = PBXFileReference; lastKnownFileType = sourcecode.swift; path = MainViewViewModel.swift; sourceTree = "<group>"; };
		E808221B2B684D970071DA21 /* DecksViewViewModel.swift */ = {isa = PBXFileReference; lastKnownFileType = sourcecode.swift; path = DecksViewViewModel.swift; sourceTree = "<group>"; };
		E808221D2B684DA30071DA21 /* SettingsViewViewModel.swift */ = {isa = PBXFileReference; lastKnownFileType = sourcecode.swift; path = SettingsViewViewModel.swift; sourceTree = "<group>"; };
		E808221F2B684DAD0071DA21 /* AboutViewViewModel.swift */ = {isa = PBXFileReference; lastKnownFileType = sourcecode.swift; path = AboutViewViewModel.swift; sourceTree = "<group>"; };
		E80822212B684DBF0071DA21 /* AddDeckViewViewModel.swift */ = {isa = PBXFileReference; lastKnownFileType = sourcecode.swift; path = AddDeckViewViewModel.swift; sourceTree = "<group>"; };
		E80822232B684DD60071DA21 /* SingleDeckViewViewModel.swift */ = {isa = PBXFileReference; lastKnownFileType = sourcecode.swift; path = SingleDeckViewViewModel.swift; sourceTree = "<group>"; };
		E80822252B684DE10071DA21 /* EditDeckViewViewModel.swift */ = {isa = PBXFileReference; lastKnownFileType = sourcecode.swift; path = EditDeckViewViewModel.swift; sourceTree = "<group>"; };
		E80822272B684DF30071DA21 /* ProfileViewViewModel.swift */ = {isa = PBXFileReference; lastKnownFileType = sourcecode.swift; path = ProfileViewViewModel.swift; sourceTree = "<group>"; };
		E80822292B684DFE0071DA21 /* LoginViewViewModel.swift */ = {isa = PBXFileReference; lastKnownFileType = sourcecode.swift; path = LoginViewViewModel.swift; sourceTree = "<group>"; };
		E808222B2B684E070071DA21 /* RegisterViewViewModel.swift */ = {isa = PBXFileReference; lastKnownFileType = sourcecode.swift; path = RegisterViewViewModel.swift; sourceTree = "<group>"; };
		E808222D2B6855A80071DA21 /* HeaderView.swift */ = {isa = PBXFileReference; lastKnownFileType = sourcecode.swift; path = HeaderView.swift; sourceTree = "<group>"; };
		E808222F2B685BBB0071DA21 /* CustomButton.swift */ = {isa = PBXFileReference; lastKnownFileType = sourcecode.swift; path = CustomButton.swift; sourceTree = "<group>"; };
		E80822692B68623A0071DA21 /* Extensions.swift */ = {isa = PBXFileReference; lastKnownFileType = sourcecode.swift; path = Extensions.swift; sourceTree = "<group>"; };
		E808226D2B6889EB0071DA21 /* FlashcardsView.swift */ = {isa = PBXFileReference; lastKnownFileType = sourcecode.swift; path = FlashcardsView.swift; sourceTree = "<group>"; };
		E808226F2B6889F60071DA21 /* FlashcardsViewViewModel.swift */ = {isa = PBXFileReference; lastKnownFileType = sourcecode.swift; path = FlashcardsViewViewModel.swift; sourceTree = "<group>"; };
		E80822712B68AE120071DA21 /* AddFlashcardView.swift */ = {isa = PBXFileReference; lastKnownFileType = sourcecode.swift; path = AddFlashcardView.swift; sourceTree = "<group>"; };
		E80822732B68AE260071DA21 /* AddFlashcardViewViewModel.swift */ = {isa = PBXFileReference; lastKnownFileType = sourcecode.swift; path = AddFlashcardViewViewModel.swift; sourceTree = "<group>"; };
/* End PBXFileReference section */

/* Begin PBXFrameworksBuildPhase section */
		E80821DB2B6844F10071DA21 /* Frameworks */ = {
			isa = PBXFrameworksBuildPhase;
			buildActionMask = 2147483647;
			files = (
				E808225C2B6860470071DA21 /* FirebaseMessaging in Frameworks */,
				E808224C2B6860470071DA21 /* FirebaseFirestoreCombine-Community in Frameworks */,
				E80822442B6860470071DA21 /* FirebaseDatabase in Frameworks */,
				E80821F52B6845F50071DA21 /* FirebaseAnalyticsSwift in Frameworks */,
				E80822642B6860470071DA21 /* FirebaseStorage in Frameworks */,
				E80821F12B6845F40071DA21 /* FirebaseAnalytics in Frameworks */,
				E80822322B6860470071DA21 /* FirebaseAnalytics in Frameworks */,
				E80822422B6860470071DA21 /* FirebaseCrashlytics in Frameworks */,
				E808224A2B6860470071DA21 /* FirebaseFirestore in Frameworks */,
				E80822482B6860470071DA21 /* FirebaseDynamicLinks in Frameworks */,
				E80822662B6860470071DA21 /* FirebaseStorageCombine-Community in Frameworks */,
				E80822342B6860470071DA21 /* FirebaseAnalyticsOnDeviceConversion in Frameworks */,
				E80822522B6860470071DA21 /* FirebaseFunctionsCombine-Community in Frameworks */,
				E80822562B6860470071DA21 /* FirebaseInAppMessagingSwift-Beta in Frameworks */,
				E808225A2B6860470071DA21 /* FirebaseMLModelDownloader in Frameworks */,
				E80822542B6860470071DA21 /* FirebaseInAppMessaging-Beta in Frameworks */,
				E808225E2B6860470071DA21 /* FirebasePerformance in Frameworks */,
				E80822402B6860470071DA21 /* FirebaseAuthCombine-Community in Frameworks */,
				E80822362B6860470071DA21 /* FirebaseAnalyticsSwift in Frameworks */,
				E80822462B6860470071DA21 /* FirebaseDatabaseSwift in Frameworks */,
				E80821F32B6845F40071DA21 /* FirebaseAnalyticsOnDeviceConversion in Frameworks */,
				E80822602B6860470071DA21 /* FirebaseRemoteConfig in Frameworks */,
				E80821F92B6845F50071DA21 /* FirebaseAppCheck in Frameworks */,
				E808223E2B6860470071DA21 /* FirebaseAuth in Frameworks */,
				E80822502B6860470071DA21 /* FirebaseFunctions in Frameworks */,
				E80822582B6860470071DA21 /* FirebaseInstallations in Frameworks */,
				E808224E2B6860470071DA21 /* FirebaseFirestoreSwift in Frameworks */,
				E80822382B6860470071DA21 /* FirebaseAnalyticsWithoutAdIdSupport in Frameworks */,
				E808223A2B6860470071DA21 /* FirebaseAppCheck in Frameworks */,
				E80822622B6860470071DA21 /* FirebaseRemoteConfigSwift in Frameworks */,
				E808223C2B6860470071DA21 /* FirebaseAppDistribution-Beta in Frameworks */,
				E80821F72B6845F50071DA21 /* FirebaseAnalyticsWithoutAdIdSupport in Frameworks */,
			);
			runOnlyForDeploymentPostprocessing = 0;
		};
/* End PBXFrameworksBuildPhase section */

/* Begin PBXGroup section */
		E80821D52B6844F10071DA21 = {
			isa = PBXGroup;
			children = (
				E80821E02B6844F10071DA21 /* Brainify */,
				E80821DF2B6844F10071DA21 /* Products */,
				E80822682B6860EB0071DA21 /* Frameworks */,
			);
			sourceTree = "<group>";
		};
		E80821DF2B6844F10071DA21 /* Products */ = {
			isa = PBXGroup;
			children = (
				E80821DE2B6844F10071DA21 /* Brainify.app */,
			);
			name = Products;
			sourceTree = "<group>";
		};
		E80821E02B6844F10071DA21 /* Brainify */ = {
			isa = PBXGroup;
			children = (
				E80821FD2B684BCD0071DA21 /* Other */,
				E80821FC2B684BC40071DA21 /* Models */,
				E80821FB2B684BBF0071DA21 /* ViewModels */,
				E80821FA2B684BB80071DA21 /* Views */,
				E80821E72B6844F30071DA21 /* Preview Content */,
			);
			path = Brainify;
			sourceTree = "<group>";
		};
		E80821E72B6844F30071DA21 /* Preview Content */ = {
			isa = PBXGroup;
			children = (
				E80821E82B6844F30071DA21 /* Preview Assets.xcassets */,
			);
			path = "Preview Content";
			sourceTree = "<group>";
		};
		E80821FA2B684BB80071DA21 /* Views */ = {
			isa = PBXGroup;
			children = (
				E80821E32B6844F10071DA21 /* MainView.swift */,
				E80822002B684CBD0071DA21 /* DecksView.swift */,
				E80822022B684CCC0071DA21 /* SettingsView.swift */,
				E80822052B684CDF0071DA21 /* AboutView.swift */,
				E80822072B684CE90071DA21 /* AddDeckView.swift */,
				E808220B2B684D050071DA21 /* EditDeckView.swift */,
				E80822092B684CF30071DA21 /* SingleDeckView.swift */,
				E808220D2B684D0C0071DA21 /* ProfileView.swift */,
				E808220F2B684D150071DA21 /* LoginView.swift */,
				E80822112B684D1B0071DA21 /* RegisterView.swift */,
				E808222D2B6855A80071DA21 /* HeaderView.swift */,
				E808222F2B685BBB0071DA21 /* CustomButton.swift */,
				E808226D2B6889EB0071DA21 /* FlashcardsView.swift */,
				E80822712B68AE120071DA21 /* AddFlashcardView.swift */,
				9BBC9BA62B7029B300EAF9E9 /* FlashcardListView.swift */,
				9BBC9BAA2B702ABA00EAF9E9 /* SingleFlashcardView.swift */,
				9B95BED12B7058A600B7CB64 /* ContentView.swift */,
			);
			path = Views;
			sourceTree = "<group>";
		};
		E80821FB2B684BBF0071DA21 /* ViewModels */ = {
			isa = PBXGroup;
			children = (
				E80822192B684D910071DA21 /* MainViewViewModel.swift */,
				E808221B2B684D970071DA21 /* DecksViewViewModel.swift */,
				E808221D2B684DA30071DA21 /* SettingsViewViewModel.swift */,
				E808221F2B684DAD0071DA21 /* AboutViewViewModel.swift */,
				E80822212B684DBF0071DA21 /* AddDeckViewViewModel.swift */,
				E80822232B684DD60071DA21 /* SingleDeckViewViewModel.swift */,
				E80822252B684DE10071DA21 /* EditDeckViewViewModel.swift */,
				E80822272B684DF30071DA21 /* ProfileViewViewModel.swift */,
				E80822292B684DFE0071DA21 /* LoginViewViewModel.swift */,
				E808222B2B684E070071DA21 /* RegisterViewViewModel.swift */,
				E808226F2B6889F60071DA21 /* FlashcardsViewViewModel.swift */,
				E80822732B68AE260071DA21 /* AddFlashcardViewViewModel.swift */,
				9BBC9BA82B7029CD00EAF9E9 /* FlashcardListViewViewModel.swift */,
				9BBC9BAC2B702AD000EAF9E9 /* SingleFlashcardViewViewModel.swift */,
			);
			path = ViewModels;
			sourceTree = "<group>";
		};
		E80821FC2B684BC40071DA21 /* Models */ = {
			isa = PBXGroup;
			children = (
				E80822132B684D4A0071DA21 /* User.swift */,
				E80822152B684D540071DA21 /* Deck.swift */,
				E80822172B684D600071DA21 /* Flashcard.swift */,
				9B95BED32B70654000B7CB64 /* AppNavigation.swift */,
				9B95BED52B70658F00B7CB64 /* ViewFactory.swift */,
			);
			path = Models;
			sourceTree = "<group>";
		};
		E80821FD2B684BCD0071DA21 /* Other */ = {
			isa = PBXGroup;
			children = (
				E80821E52B6844F30071DA21 /* Assets.xcassets */,
				E80821FE2B684BDA0071DA21 /* GoogleService-Info.plist */,
				E80821E12B6844F10071DA21 /* BrainifyApp.swift */,
				E80822692B68623A0071DA21 /* Extensions.swift */,
			);
			path = Other;
			sourceTree = "<group>";
		};
		E80822682B6860EB0071DA21 /* Frameworks */ = {
			isa = PBXGroup;
			children = (
			);
			name = Frameworks;
			sourceTree = "<group>";
		};
/* End PBXGroup section */

/* Begin PBXNativeTarget section */
		E80821DD2B6844F10071DA21 /* Brainify */ = {
			isa = PBXNativeTarget;
			buildConfigurationList = E80821EC2B6844F30071DA21 /* Build configuration list for PBXNativeTarget "Brainify" */;
			buildPhases = (
				E80821DA2B6844F10071DA21 /* Sources */,
				E80821DB2B6844F10071DA21 /* Frameworks */,
				E80821DC2B6844F10071DA21 /* Resources */,
			);
			buildRules = (
			);
			dependencies = (
			);
			name = Brainify;
			packageProductDependencies = (
				E80821F02B6845F40071DA21 /* FirebaseAnalytics */,
				E80821F22B6845F40071DA21 /* FirebaseAnalyticsOnDeviceConversion */,
				E80821F42B6845F50071DA21 /* FirebaseAnalyticsSwift */,
				E80821F62B6845F50071DA21 /* FirebaseAnalyticsWithoutAdIdSupport */,
				E80821F82B6845F50071DA21 /* FirebaseAppCheck */,
				E80822312B6860470071DA21 /* FirebaseAnalytics */,
				E80822332B6860470071DA21 /* FirebaseAnalyticsOnDeviceConversion */,
				E80822352B6860470071DA21 /* FirebaseAnalyticsSwift */,
				E80822372B6860470071DA21 /* FirebaseAnalyticsWithoutAdIdSupport */,
				E80822392B6860470071DA21 /* FirebaseAppCheck */,
				E808223B2B6860470071DA21 /* FirebaseAppDistribution-Beta */,
				E808223D2B6860470071DA21 /* FirebaseAuth */,
				E808223F2B6860470071DA21 /* FirebaseAuthCombine-Community */,
				E80822412B6860470071DA21 /* FirebaseCrashlytics */,
				E80822432B6860470071DA21 /* FirebaseDatabase */,
				E80822452B6860470071DA21 /* FirebaseDatabaseSwift */,
				E80822472B6860470071DA21 /* FirebaseDynamicLinks */,
				E80822492B6860470071DA21 /* FirebaseFirestore */,
				E808224B2B6860470071DA21 /* FirebaseFirestoreCombine-Community */,
				E808224D2B6860470071DA21 /* FirebaseFirestoreSwift */,
				E808224F2B6860470071DA21 /* FirebaseFunctions */,
				E80822512B6860470071DA21 /* FirebaseFunctionsCombine-Community */,
				E80822532B6860470071DA21 /* FirebaseInAppMessaging-Beta */,
				E80822552B6860470071DA21 /* FirebaseInAppMessagingSwift-Beta */,
				E80822572B6860470071DA21 /* FirebaseInstallations */,
				E80822592B6860470071DA21 /* FirebaseMLModelDownloader */,
				E808225B2B6860470071DA21 /* FirebaseMessaging */,
				E808225D2B6860470071DA21 /* FirebasePerformance */,
				E808225F2B6860470071DA21 /* FirebaseRemoteConfig */,
				E80822612B6860470071DA21 /* FirebaseRemoteConfigSwift */,
				E80822632B6860470071DA21 /* FirebaseStorage */,
				E80822652B6860470071DA21 /* FirebaseStorageCombine-Community */,
			);
			productName = Brainify;
			productReference = E80821DE2B6844F10071DA21 /* Brainify.app */;
			productType = "com.apple.product-type.application";
		};
/* End PBXNativeTarget section */

/* Begin PBXProject section */
		E80821D62B6844F10071DA21 /* Project object */ = {
			isa = PBXProject;
			attributes = {
				BuildIndependentTargetsInParallel = 1;
				LastSwiftUpdateCheck = 1520;
				LastUpgradeCheck = 1520;
				TargetAttributes = {
					E80821DD2B6844F10071DA21 = {
						CreatedOnToolsVersion = 15.2;
					};
				};
			};
			buildConfigurationList = E80821D92B6844F10071DA21 /* Build configuration list for PBXProject "Brainify" */;
			compatibilityVersion = "Xcode 14.0";
			developmentRegion = en;
			hasScannedForEncodings = 0;
			knownRegions = (
				en,
				Base,
			);
			mainGroup = E80821D52B6844F10071DA21;
			packageReferences = (
				E80821EF2B6845F40071DA21 /* XCRemoteSwiftPackageReference "firebase-ios-sdk" */,
			);
			productRefGroup = E80821DF2B6844F10071DA21 /* Products */;
			projectDirPath = "";
			projectRoot = "";
			targets = (
				E80821DD2B6844F10071DA21 /* Brainify */,
			);
		};
/* End PBXProject section */

/* Begin PBXResourcesBuildPhase section */
		E80821DC2B6844F10071DA21 /* Resources */ = {
			isa = PBXResourcesBuildPhase;
			buildActionMask = 2147483647;
			files = (
				E80821E92B6844F30071DA21 /* Preview Assets.xcassets in Resources */,
				E80821E62B6844F30071DA21 /* Assets.xcassets in Resources */,
				E80821FF2B684BDB0071DA21 /* GoogleService-Info.plist in Resources */,
			);
			runOnlyForDeploymentPostprocessing = 0;
		};
/* End PBXResourcesBuildPhase section */

/* Begin PBXSourcesBuildPhase section */
		E80821DA2B6844F10071DA21 /* Sources */ = {
			isa = PBXSourcesBuildPhase;
			buildActionMask = 2147483647;
			files = (
				E80822302B685BBB0071DA21 /* CustomButton.swift in Sources */,
				E80822742B68AE260071DA21 /* AddFlashcardViewViewModel.swift in Sources */,
				E808226E2B6889EB0071DA21 /* FlashcardsView.swift in Sources */,
				E808226A2B68623A0071DA21 /* Extensions.swift in Sources */,
				E80822262B684DE10071DA21 /* EditDeckViewViewModel.swift in Sources */,
				E80822242B684DD60071DA21 /* SingleDeckViewViewModel.swift in Sources */,
				9BBC9BA92B7029CD00EAF9E9 /* FlashcardListViewViewModel.swift in Sources */,
				E808222C2B684E070071DA21 /* RegisterViewViewModel.swift in Sources */,
				E80822222B684DBF0071DA21 /* AddDeckViewViewModel.swift in Sources */,
				E808221C2B684D970071DA21 /* DecksViewViewModel.swift in Sources */,
				E80822122B684D1B0071DA21 /* RegisterView.swift in Sources */,
				E80821E42B6844F10071DA21 /* MainView.swift in Sources */,
				E80822702B6889F60071DA21 /* FlashcardsViewViewModel.swift in Sources */,
				E808222A2B684DFE0071DA21 /* LoginViewViewModel.swift in Sources */,
				9B95BED22B7058A600B7CB64 /* ContentView.swift in Sources */,
				9B95BED62B70658F00B7CB64 /* ViewFactory.swift in Sources */,
				E808220E2B684D0C0071DA21 /* ProfileView.swift in Sources */,
				9BBC9BAB2B702ABA00EAF9E9 /* SingleFlashcardView.swift in Sources */,
				E80822282B684DF30071DA21 /* ProfileViewViewModel.swift in Sources */,
				E80822032B684CCC0071DA21 /* SettingsView.swift in Sources */,
				E80821E22B6844F10071DA21 /* BrainifyApp.swift in Sources */,
				9BBC9BA72B7029B300EAF9E9 /* FlashcardListView.swift in Sources */,
				E808220A2B684CF30071DA21 /* SingleDeckView.swift in Sources */,
				E80822182B684D600071DA21 /* Flashcard.swift in Sources */,
				E80822082B684CE90071DA21 /* AddDeckView.swift in Sources */,
				E808222E2B6855A80071DA21 /* HeaderView.swift in Sources */,
				E808221A2B684D910071DA21 /* MainViewViewModel.swift in Sources */,
				E808220C2B684D050071DA21 /* EditDeckView.swift in Sources */,
				E80822202B684DAD0071DA21 /* AboutViewViewModel.swift in Sources */,
				E80822142B684D4A0071DA21 /* User.swift in Sources */,
				9B95BED42B70654000B7CB64 /* AppNavigation.swift in Sources */,
				E80822162B684D540071DA21 /* Deck.swift in Sources */,
				E80822722B68AE120071DA21 /* AddFlashcardView.swift in Sources */,
				9BBC9BAD2B702AD000EAF9E9 /* SingleFlashcardViewViewModel.swift in Sources */,
				E80822012B684CBD0071DA21 /* DecksView.swift in Sources */,
				E80822102B684D150071DA21 /* LoginView.swift in Sources */,
				E808221E2B684DA30071DA21 /* SettingsViewViewModel.swift in Sources */,
				E80822062B684CDF0071DA21 /* AboutView.swift in Sources */,
			);
			runOnlyForDeploymentPostprocessing = 0;
		};
/* End PBXSourcesBuildPhase section */

/* Begin XCBuildConfiguration section */
		E80821EA2B6844F30071DA21 /* Debug */ = {
			isa = XCBuildConfiguration;
			buildSettings = {
				ALWAYS_SEARCH_USER_PATHS = NO;
				ASSETCATALOG_COMPILER_GENERATE_SWIFT_ASSET_SYMBOL_EXTENSIONS = YES;
				CLANG_ANALYZER_NONNULL = YES;
				CLANG_ANALYZER_NUMBER_OBJECT_CONVERSION = YES_AGGRESSIVE;
				CLANG_CXX_LANGUAGE_STANDARD = "gnu++20";
				CLANG_ENABLE_MODULES = YES;
				CLANG_ENABLE_OBJC_ARC = YES;
				CLANG_ENABLE_OBJC_WEAK = YES;
				CLANG_WARN_BLOCK_CAPTURE_AUTORELEASING = YES;
				CLANG_WARN_BOOL_CONVERSION = YES;
				CLANG_WARN_COMMA = YES;
				CLANG_WARN_CONSTANT_CONVERSION = YES;
				CLANG_WARN_DEPRECATED_OBJC_IMPLEMENTATIONS = YES;
				CLANG_WARN_DIRECT_OBJC_ISA_USAGE = YES_ERROR;
				CLANG_WARN_DOCUMENTATION_COMMENTS = YES;
				CLANG_WARN_EMPTY_BODY = YES;
				CLANG_WARN_ENUM_CONVERSION = YES;
				CLANG_WARN_INFINITE_RECURSION = YES;
				CLANG_WARN_INT_CONVERSION = YES;
				CLANG_WARN_NON_LITERAL_NULL_CONVERSION = YES;
				CLANG_WARN_OBJC_IMPLICIT_RETAIN_SELF = YES;
				CLANG_WARN_OBJC_LITERAL_CONVERSION = YES;
				CLANG_WARN_OBJC_ROOT_CLASS = YES_ERROR;
				CLANG_WARN_QUOTED_INCLUDE_IN_FRAMEWORK_HEADER = YES;
				CLANG_WARN_RANGE_LOOP_ANALYSIS = YES;
				CLANG_WARN_STRICT_PROTOTYPES = YES;
				CLANG_WARN_SUSPICIOUS_MOVE = YES;
				CLANG_WARN_UNGUARDED_AVAILABILITY = YES_AGGRESSIVE;
				CLANG_WARN_UNREACHABLE_CODE = YES;
				CLANG_WARN__DUPLICATE_METHOD_MATCH = YES;
				COPY_PHASE_STRIP = NO;
				DEBUG_INFORMATION_FORMAT = dwarf;
				ENABLE_STRICT_OBJC_MSGSEND = YES;
				ENABLE_TESTABILITY = YES;
				ENABLE_USER_SCRIPT_SANDBOXING = YES;
				GCC_C_LANGUAGE_STANDARD = gnu17;
				GCC_DYNAMIC_NO_PIC = NO;
				GCC_NO_COMMON_BLOCKS = YES;
				GCC_OPTIMIZATION_LEVEL = 0;
				GCC_PREPROCESSOR_DEFINITIONS = (
					"DEBUG=1",
					"$(inherited)",
				);
				GCC_WARN_64_TO_32_BIT_CONVERSION = YES;
				GCC_WARN_ABOUT_RETURN_TYPE = YES_ERROR;
				GCC_WARN_UNDECLARED_SELECTOR = YES;
				GCC_WARN_UNINITIALIZED_AUTOS = YES_AGGRESSIVE;
				GCC_WARN_UNUSED_FUNCTION = YES;
				GCC_WARN_UNUSED_VARIABLE = YES;
				IPHONEOS_DEPLOYMENT_TARGET = 17.2;
				LOCALIZATION_PREFERS_STRING_CATALOGS = YES;
				MTL_ENABLE_DEBUG_INFO = INCLUDE_SOURCE;
				MTL_FAST_MATH = YES;
				ONLY_ACTIVE_ARCH = YES;
				SDKROOT = iphoneos;
				SWIFT_ACTIVE_COMPILATION_CONDITIONS = "DEBUG $(inherited)";
				SWIFT_OPTIMIZATION_LEVEL = "-Onone";
			};
			name = Debug;
		};
		E80821EB2B6844F30071DA21 /* Release */ = {
			isa = XCBuildConfiguration;
			buildSettings = {
				ALWAYS_SEARCH_USER_PATHS = NO;
				ASSETCATALOG_COMPILER_GENERATE_SWIFT_ASSET_SYMBOL_EXTENSIONS = YES;
				CLANG_ANALYZER_NONNULL = YES;
				CLANG_ANALYZER_NUMBER_OBJECT_CONVERSION = YES_AGGRESSIVE;
				CLANG_CXX_LANGUAGE_STANDARD = "gnu++20";
				CLANG_ENABLE_MODULES = YES;
				CLANG_ENABLE_OBJC_ARC = YES;
				CLANG_ENABLE_OBJC_WEAK = YES;
				CLANG_WARN_BLOCK_CAPTURE_AUTORELEASING = YES;
				CLANG_WARN_BOOL_CONVERSION = YES;
				CLANG_WARN_COMMA = YES;
				CLANG_WARN_CONSTANT_CONVERSION = YES;
				CLANG_WARN_DEPRECATED_OBJC_IMPLEMENTATIONS = YES;
				CLANG_WARN_DIRECT_OBJC_ISA_USAGE = YES_ERROR;
				CLANG_WARN_DOCUMENTATION_COMMENTS = YES;
				CLANG_WARN_EMPTY_BODY = YES;
				CLANG_WARN_ENUM_CONVERSION = YES;
				CLANG_WARN_INFINITE_RECURSION = YES;
				CLANG_WARN_INT_CONVERSION = YES;
				CLANG_WARN_NON_LITERAL_NULL_CONVERSION = YES;
				CLANG_WARN_OBJC_IMPLICIT_RETAIN_SELF = YES;
				CLANG_WARN_OBJC_LITERAL_CONVERSION = YES;
				CLANG_WARN_OBJC_ROOT_CLASS = YES_ERROR;
				CLANG_WARN_QUOTED_INCLUDE_IN_FRAMEWORK_HEADER = YES;
				CLANG_WARN_RANGE_LOOP_ANALYSIS = YES;
				CLANG_WARN_STRICT_PROTOTYPES = YES;
				CLANG_WARN_SUSPICIOUS_MOVE = YES;
				CLANG_WARN_UNGUARDED_AVAILABILITY = YES_AGGRESSIVE;
				CLANG_WARN_UNREACHABLE_CODE = YES;
				CLANG_WARN__DUPLICATE_METHOD_MATCH = YES;
				COPY_PHASE_STRIP = NO;
				DEBUG_INFORMATION_FORMAT = "dwarf-with-dsym";
				ENABLE_NS_ASSERTIONS = NO;
				ENABLE_STRICT_OBJC_MSGSEND = YES;
				ENABLE_USER_SCRIPT_SANDBOXING = YES;
				GCC_C_LANGUAGE_STANDARD = gnu17;
				GCC_NO_COMMON_BLOCKS = YES;
				GCC_WARN_64_TO_32_BIT_CONVERSION = YES;
				GCC_WARN_ABOUT_RETURN_TYPE = YES_ERROR;
				GCC_WARN_UNDECLARED_SELECTOR = YES;
				GCC_WARN_UNINITIALIZED_AUTOS = YES_AGGRESSIVE;
				GCC_WARN_UNUSED_FUNCTION = YES;
				GCC_WARN_UNUSED_VARIABLE = YES;
				IPHONEOS_DEPLOYMENT_TARGET = 17.2;
				LOCALIZATION_PREFERS_STRING_CATALOGS = YES;
				MTL_ENABLE_DEBUG_INFO = NO;
				MTL_FAST_MATH = YES;
				SDKROOT = iphoneos;
				SWIFT_COMPILATION_MODE = wholemodule;
				VALIDATE_PRODUCT = YES;
			};
			name = Release;
		};
		E80821ED2B6844F30071DA21 /* Debug */ = {
			isa = XCBuildConfiguration;
			buildSettings = {
				ASSETCATALOG_COMPILER_APPICON_NAME = AppIcon;
				ASSETCATALOG_COMPILER_GLOBAL_ACCENT_COLOR_NAME = AccentColor;
				CODE_SIGN_STYLE = Automatic;
				CURRENT_PROJECT_VERSION = 1;
				DEVELOPMENT_ASSET_PATHS = "\"Brainify/Preview Content\"";
				ENABLE_PREVIEWS = YES;
				GENERATE_INFOPLIST_FILE = YES;
				INFOPLIST_FILE = Brainify/Info.plist;
				INFOPLIST_KEY_CFBundleDisplayName = Brainify;
				INFOPLIST_KEY_UIApplicationSceneManifest_Generation = YES;
				INFOPLIST_KEY_UIApplicationSupportsIndirectInputEvents = YES;
				INFOPLIST_KEY_UILaunchScreen_Generation = YES;
				INFOPLIST_KEY_UISupportedInterfaceOrientations = UIInterfaceOrientationPortrait;
				LD_RUNPATH_SEARCH_PATHS = (
					"$(inherited)",
					"@executable_path/Frameworks",
				);
				MARKETING_VERSION = 1.0;
				PRODUCT_BUNDLE_IDENTIFIER = com.ronikukaj.Brainify;
				PRODUCT_NAME = "$(TARGET_NAME)";
				SWIFT_EMIT_LOC_STRINGS = YES;
				SWIFT_VERSION = 5.0;
				TARGETED_DEVICE_FAMILY = "1,2";
			};
			name = Debug;
		};
		E80821EE2B6844F30071DA21 /* Release */ = {
			isa = XCBuildConfiguration;
			buildSettings = {
				ASSETCATALOG_COMPILER_APPICON_NAME = AppIcon;
				ASSETCATALOG_COMPILER_GLOBAL_ACCENT_COLOR_NAME = AccentColor;
				CODE_SIGN_STYLE = Automatic;
				CURRENT_PROJECT_VERSION = 1;
				DEVELOPMENT_ASSET_PATHS = "\"Brainify/Preview Content\"";
				ENABLE_PREVIEWS = YES;
				GENERATE_INFOPLIST_FILE = YES;
				INFOPLIST_FILE = Brainify/Info.plist;
				INFOPLIST_KEY_CFBundleDisplayName = Brainify;
				INFOPLIST_KEY_UIApplicationSceneManifest_Generation = YES;
				INFOPLIST_KEY_UIApplicationSupportsIndirectInputEvents = YES;
				INFOPLIST_KEY_UILaunchScreen_Generation = YES;
				INFOPLIST_KEY_UISupportedInterfaceOrientations = UIInterfaceOrientationPortrait;
				LD_RUNPATH_SEARCH_PATHS = (
					"$(inherited)",
					"@executable_path/Frameworks",
				);
				MARKETING_VERSION = 1.0;
				PRODUCT_BUNDLE_IDENTIFIER = com.ronikukaj.Brainify;
				PRODUCT_NAME = "$(TARGET_NAME)";
				SWIFT_EMIT_LOC_STRINGS = YES;
				SWIFT_VERSION = 5.0;
				TARGETED_DEVICE_FAMILY = "1,2";
			};
			name = Release;
		};
/* End XCBuildConfiguration section */

/* Begin XCConfigurationList section */
		E80821D92B6844F10071DA21 /* Build configuration list for PBXProject "Brainify" */ = {
			isa = XCConfigurationList;
			buildConfigurations = (
				E80821EA2B6844F30071DA21 /* Debug */,
				E80821EB2B6844F30071DA21 /* Release */,
			);
			defaultConfigurationIsVisible = 0;
			defaultConfigurationName = Release;
		};
		E80821EC2B6844F30071DA21 /* Build configuration list for PBXNativeTarget "Brainify" */ = {
			isa = XCConfigurationList;
			buildConfigurations = (
				E80821ED2B6844F30071DA21 /* Debug */,
				E80821EE2B6844F30071DA21 /* Release */,
			);
			defaultConfigurationIsVisible = 0;
			defaultConfigurationName = Release;
		};
/* End XCConfigurationList section */

/* Begin XCRemoteSwiftPackageReference section */
		E80821EF2B6845F40071DA21 /* XCRemoteSwiftPackageReference "firebase-ios-sdk" */ = {
			isa = XCRemoteSwiftPackageReference;
			repositoryURL = "https://github.com/firebase/firebase-ios-sdk";
			requirement = {
				kind = upToNextMajorVersion;
				minimumVersion = 10.20.0;
			};
		};
/* End XCRemoteSwiftPackageReference section */

/* Begin XCSwiftPackageProductDependency section */
		E80821F02B6845F40071DA21 /* FirebaseAnalytics */ = {
			isa = XCSwiftPackageProductDependency;
			package = E80821EF2B6845F40071DA21 /* XCRemoteSwiftPackageReference "firebase-ios-sdk" */;
			productName = FirebaseAnalytics;
		};
		E80821F22B6845F40071DA21 /* FirebaseAnalyticsOnDeviceConversion */ = {
			isa = XCSwiftPackageProductDependency;
			package = E80821EF2B6845F40071DA21 /* XCRemoteSwiftPackageReference "firebase-ios-sdk" */;
			productName = FirebaseAnalyticsOnDeviceConversion;
		};
		E80821F42B6845F50071DA21 /* FirebaseAnalyticsSwift */ = {
			isa = XCSwiftPackageProductDependency;
			package = E80821EF2B6845F40071DA21 /* XCRemoteSwiftPackageReference "firebase-ios-sdk" */;
			productName = FirebaseAnalyticsSwift;
		};
		E80821F62B6845F50071DA21 /* FirebaseAnalyticsWithoutAdIdSupport */ = {
			isa = XCSwiftPackageProductDependency;
			package = E80821EF2B6845F40071DA21 /* XCRemoteSwiftPackageReference "firebase-ios-sdk" */;
			productName = FirebaseAnalyticsWithoutAdIdSupport;
		};
		E80821F82B6845F50071DA21 /* FirebaseAppCheck */ = {
			isa = XCSwiftPackageProductDependency;
			package = E80821EF2B6845F40071DA21 /* XCRemoteSwiftPackageReference "firebase-ios-sdk" */;
			productName = FirebaseAppCheck;
		};
		E80822312B6860470071DA21 /* FirebaseAnalytics */ = {
			isa = XCSwiftPackageProductDependency;
			package = E80821EF2B6845F40071DA21 /* XCRemoteSwiftPackageReference "firebase-ios-sdk" */;
			productName = FirebaseAnalytics;
		};
		E80822332B6860470071DA21 /* FirebaseAnalyticsOnDeviceConversion */ = {
			isa = XCSwiftPackageProductDependency;
			package = E80821EF2B6845F40071DA21 /* XCRemoteSwiftPackageReference "firebase-ios-sdk" */;
			productName = FirebaseAnalyticsOnDeviceConversion;
		};
		E80822352B6860470071DA21 /* FirebaseAnalyticsSwift */ = {
			isa = XCSwiftPackageProductDependency;
			package = E80821EF2B6845F40071DA21 /* XCRemoteSwiftPackageReference "firebase-ios-sdk" */;
			productName = FirebaseAnalyticsSwift;
		};
		E80822372B6860470071DA21 /* FirebaseAnalyticsWithoutAdIdSupport */ = {
			isa = XCSwiftPackageProductDependency;
			package = E80821EF2B6845F40071DA21 /* XCRemoteSwiftPackageReference "firebase-ios-sdk" */;
			productName = FirebaseAnalyticsWithoutAdIdSupport;
		};
		E80822392B6860470071DA21 /* FirebaseAppCheck */ = {
			isa = XCSwiftPackageProductDependency;
			package = E80821EF2B6845F40071DA21 /* XCRemoteSwiftPackageReference "firebase-ios-sdk" */;
			productName = FirebaseAppCheck;
		};
		E808223B2B6860470071DA21 /* FirebaseAppDistribution-Beta */ = {
			isa = XCSwiftPackageProductDependency;
			package = E80821EF2B6845F40071DA21 /* XCRemoteSwiftPackageReference "firebase-ios-sdk" */;
			productName = "FirebaseAppDistribution-Beta";
		};
		E808223D2B6860470071DA21 /* FirebaseAuth */ = {
			isa = XCSwiftPackageProductDependency;
			package = E80821EF2B6845F40071DA21 /* XCRemoteSwiftPackageReference "firebase-ios-sdk" */;
			productName = FirebaseAuth;
		};
		E808223F2B6860470071DA21 /* FirebaseAuthCombine-Community */ = {
			isa = XCSwiftPackageProductDependency;
			package = E80821EF2B6845F40071DA21 /* XCRemoteSwiftPackageReference "firebase-ios-sdk" */;
			productName = "FirebaseAuthCombine-Community";
		};
		E80822412B6860470071DA21 /* FirebaseCrashlytics */ = {
			isa = XCSwiftPackageProductDependency;
			package = E80821EF2B6845F40071DA21 /* XCRemoteSwiftPackageReference "firebase-ios-sdk" */;
			productName = FirebaseCrashlytics;
		};
		E80822432B6860470071DA21 /* FirebaseDatabase */ = {
			isa = XCSwiftPackageProductDependency;
			package = E80821EF2B6845F40071DA21 /* XCRemoteSwiftPackageReference "firebase-ios-sdk" */;
			productName = FirebaseDatabase;
		};
		E80822452B6860470071DA21 /* FirebaseDatabaseSwift */ = {
			isa = XCSwiftPackageProductDependency;
			package = E80821EF2B6845F40071DA21 /* XCRemoteSwiftPackageReference "firebase-ios-sdk" */;
			productName = FirebaseDatabaseSwift;
		};
		E80822472B6860470071DA21 /* FirebaseDynamicLinks */ = {
			isa = XCSwiftPackageProductDependency;
			package = E80821EF2B6845F40071DA21 /* XCRemoteSwiftPackageReference "firebase-ios-sdk" */;
			productName = FirebaseDynamicLinks;
		};
		E80822492B6860470071DA21 /* FirebaseFirestore */ = {
			isa = XCSwiftPackageProductDependency;
			package = E80821EF2B6845F40071DA21 /* XCRemoteSwiftPackageReference "firebase-ios-sdk" */;
			productName = FirebaseFirestore;
		};
		E808224B2B6860470071DA21 /* FirebaseFirestoreCombine-Community */ = {
			isa = XCSwiftPackageProductDependency;
			package = E80821EF2B6845F40071DA21 /* XCRemoteSwiftPackageReference "firebase-ios-sdk" */;
			productName = "FirebaseFirestoreCombine-Community";
		};
		E808224D2B6860470071DA21 /* FirebaseFirestoreSwift */ = {
			isa = XCSwiftPackageProductDependency;
			package = E80821EF2B6845F40071DA21 /* XCRemoteSwiftPackageReference "firebase-ios-sdk" */;
			productName = FirebaseFirestoreSwift;
		};
		E808224F2B6860470071DA21 /* FirebaseFunctions */ = {
			isa = XCSwiftPackageProductDependency;
			package = E80821EF2B6845F40071DA21 /* XCRemoteSwiftPackageReference "firebase-ios-sdk" */;
			productName = FirebaseFunctions;
		};
		E80822512B6860470071DA21 /* FirebaseFunctionsCombine-Community */ = {
			isa = XCSwiftPackageProductDependency;
			package = E80821EF2B6845F40071DA21 /* XCRemoteSwiftPackageReference "firebase-ios-sdk" */;
			productName = "FirebaseFunctionsCombine-Community";
		};
		E80822532B6860470071DA21 /* FirebaseInAppMessaging-Beta */ = {
			isa = XCSwiftPackageProductDependency;
			package = E80821EF2B6845F40071DA21 /* XCRemoteSwiftPackageReference "firebase-ios-sdk" */;
			productName = "FirebaseInAppMessaging-Beta";
		};
		E80822552B6860470071DA21 /* FirebaseInAppMessagingSwift-Beta */ = {
			isa = XCSwiftPackageProductDependency;
			package = E80821EF2B6845F40071DA21 /* XCRemoteSwiftPackageReference "firebase-ios-sdk" */;
			productName = "FirebaseInAppMessagingSwift-Beta";
		};
		E80822572B6860470071DA21 /* FirebaseInstallations */ = {
			isa = XCSwiftPackageProductDependency;
			package = E80821EF2B6845F40071DA21 /* XCRemoteSwiftPackageReference "firebase-ios-sdk" */;
			productName = FirebaseInstallations;
		};
		E80822592B6860470071DA21 /* FirebaseMLModelDownloader */ = {
			isa = XCSwiftPackageProductDependency;
			package = E80821EF2B6845F40071DA21 /* XCRemoteSwiftPackageReference "firebase-ios-sdk" */;
			productName = FirebaseMLModelDownloader;
		};
		E808225B2B6860470071DA21 /* FirebaseMessaging */ = {
			isa = XCSwiftPackageProductDependency;
			package = E80821EF2B6845F40071DA21 /* XCRemoteSwiftPackageReference "firebase-ios-sdk" */;
			productName = FirebaseMessaging;
		};
		E808225D2B6860470071DA21 /* FirebasePerformance */ = {
			isa = XCSwiftPackageProductDependency;
			package = E80821EF2B6845F40071DA21 /* XCRemoteSwiftPackageReference "firebase-ios-sdk" */;
			productName = FirebasePerformance;
		};
		E808225F2B6860470071DA21 /* FirebaseRemoteConfig */ = {
			isa = XCSwiftPackageProductDependency;
			package = E80821EF2B6845F40071DA21 /* XCRemoteSwiftPackageReference "firebase-ios-sdk" */;
			productName = FirebaseRemoteConfig;
		};
		E80822612B6860470071DA21 /* FirebaseRemoteConfigSwift */ = {
			isa = XCSwiftPackageProductDependency;
			package = E80821EF2B6845F40071DA21 /* XCRemoteSwiftPackageReference "firebase-ios-sdk" */;
			productName = FirebaseRemoteConfigSwift;
		};
		E80822632B6860470071DA21 /* FirebaseStorage */ = {
			isa = XCSwiftPackageProductDependency;
			package = E80821EF2B6845F40071DA21 /* XCRemoteSwiftPackageReference "firebase-ios-sdk" */;
			productName = FirebaseStorage;
		};
		E80822652B6860470071DA21 /* FirebaseStorageCombine-Community */ = {
			isa = XCSwiftPackageProductDependency;
			package = E80821EF2B6845F40071DA21 /* XCRemoteSwiftPackageReference "firebase-ios-sdk" */;
			productName = "FirebaseStorageCombine-Community";
		};
/* End XCSwiftPackageProductDependency section */
	};
	rootObject = E80821D62B6844F10071DA21 /* Project object */;
}
