// !$*UTF8*$!
{
	archiveVersion = 1;
	classes = {
	};
	objectVersion = 56;
	objects = {

/* Begin PBXBuildFile section */
		E80821E22B6844F10071DA21 /* BrainifyApp.swift in Sources */ = {isa = PBXBuildFile; fileRef = E80821E12B6844F10071DA21 /* BrainifyApp.swift */; };
		E80821E42B6844F10071DA21 /* MainView.swift in Sources */ = {isa = PBXBuildFile; fileRef = E80821E32B6844F10071DA21 /* MainView.swift */; };
		E80821E62B6844F30071DA21 /* Assets.xcassets in Resources */ = {isa = PBXBuildFile; fileRef = E80821E52B6844F30071DA21 /* Assets.xcassets */; };
		E80821E92B6844F30071DA21 /* Preview Assets.xcassets in Resources */ = {isa = PBXBuildFile; fileRef = E80821E82B6844F30071DA21 /* Preview Assets.xcassets */; };
		E80821F12B6845F40071DA21 /* FirebaseAnalytics in Frameworks */ = {isa = PBXBuildFile; productRef = E80821F02B6845F40071DA21 /* FirebaseAnalytics */; };
		E80821F32B6845F40071DA21 /* FirebaseAnalyticsOnDeviceConversion in Frameworks */ = {isa = PBXBuildFile; productRef = E80821F22B6845F40071DA21 /* FirebaseAnalyticsOnDeviceConversion */; };
		E80821F52B6845F50071DA21 /* FirebaseAnalyticsSwift in Frameworks */ = {isa = PBXBuildFile; productRef = E80821F42B6845F50071DA21 /* FirebaseAnalyticsSwift */; };
		E80821F72B6845F50071DA21 /* FirebaseAnalyticsWithoutAdIdSupport in Frameworks */ = {isa = PBXBuildFile; productRef = E80821F62B6845F50071DA21 /* FirebaseAnalyticsWithoutAdIdSupport */; };
		E80821F92B6845F50071DA21 /* FirebaseAppCheck in Frameworks */ = {isa = PBXBuildFile; productRef = E80821F82B6845F50071DA21 /* FirebaseAppCheck */; };
		E80821FF2B684BDB0071DA21 /* GoogleService-Info.plist in Resources */ = {isa = PBXBuildFile; fileRef = E80821FE2B684BDA0071DA21 /* GoogleService-Info.plist */; };
		E80822012B684CBD0071DA21 /* DeckView.swift in Sources */ = {isa = PBXBuildFile; fileRef = E80822002B684CBD0071DA21 /* DeckView.swift */; };
		E80822032B684CCC0071DA21 /* SettingsView.swift in Sources */ = {isa = PBXBuildFile; fileRef = E80822022B684CCC0071DA21 /* SettingsView.swift */; };
		E80822062B684CDF0071DA21 /* AboutView.swift in Sources */ = {isa = PBXBuildFile; fileRef = E80822052B684CDF0071DA21 /* AboutView.swift */; };
		E80822082B684CE90071DA21 /* AddDeckView.swift in Sources */ = {isa = PBXBuildFile; fileRef = E80822072B684CE90071DA21 /* AddDeckView.swift */; };
		E808220A2B684CF30071DA21 /* SingleDeckView.swift in Sources */ = {isa = PBXBuildFile; fileRef = E80822092B684CF30071DA21 /* SingleDeckView.swift */; };
		E808220C2B684D050071DA21 /* EditDeckView.swift in Sources */ = {isa = PBXBuildFile; fileRef = E808220B2B684D050071DA21 /* EditDeckView.swift */; };
		E808220E2B684D0C0071DA21 /* ProfileView.swift in Sources */ = {isa = PBXBuildFile; fileRef = E808220D2B684D0C0071DA21 /* ProfileView.swift */; };
		E80822102B684D150071DA21 /* LoginView.swift in Sources */ = {isa = PBXBuildFile; fileRef = E808220F2B684D150071DA21 /* LoginView.swift */; };
		E80822122B684D1B0071DA21 /* RegisterView.swift in Sources */ = {isa = PBXBuildFile; fileRef = E80822112B684D1B0071DA21 /* RegisterView.swift */; };
		E80822142B684D4A0071DA21 /* User.swift in Sources */ = {isa = PBXBuildFile; fileRef = E80822132B684D4A0071DA21 /* User.swift */; };
		E80822162B684D540071DA21 /* Deck.swift in Sources */ = {isa = PBXBuildFile; fileRef = E80822152B684D540071DA21 /* Deck.swift */; };
		E80822182B684D600071DA21 /* Flashcard.swift in Sources */ = {isa = PBXBuildFile; fileRef = E80822172B684D600071DA21 /* Flashcard.swift */; };
		E808221A2B684D910071DA21 /* MainViewViewModel.swift in Sources */ = {isa = PBXBuildFile; fileRef = E80822192B684D910071DA21 /* MainViewViewModel.swift */; };
		E808221C2B684D970071DA21 /* DeckViewViewModel.swift in Sources */ = {isa = PBXBuildFile; fileRef = E808221B2B684D970071DA21 /* DeckViewViewModel.swift */; };
		E808221E2B684DA30071DA21 /* SettingsViewViewModel.swift in Sources */ = {isa = PBXBuildFile; fileRef = E808221D2B684DA30071DA21 /* SettingsViewViewModel.swift */; };
		E80822202B684DAD0071DA21 /* AboutViewViewModel.swift in Sources */ = {isa = PBXBuildFile; fileRef = E808221F2B684DAD0071DA21 /* AboutViewViewModel.swift */; };
		E80822222B684DBF0071DA21 /* AddDeckViewViewModel.swift in Sources */ = {isa = PBXBuildFile; fileRef = E80822212B684DBF0071DA21 /* AddDeckViewViewModel.swift */; };
		E80822242B684DD60071DA21 /* SingleDeckViewViewModel.swift in Sources */ = {isa = PBXBuildFile; fileRef = E80822232B684DD60071DA21 /* SingleDeckViewViewModel.swift */; };
		E80822262B684DE10071DA21 /* EditDeckViewViewModel.swift in Sources */ = {isa = PBXBuildFile; fileRef = E80822252B684DE10071DA21 /* EditDeckViewViewModel.swift */; };
		E80822282B684DF30071DA21 /* ProfileViewViewModel.swift in Sources */ = {isa = PBXBuildFile; fileRef = E80822272B684DF30071DA21 /* ProfileViewViewModel.swift */; };
		E808222A2B684DFE0071DA21 /* LoginViewViewModel.swift in Sources */ = {isa = PBXBuildFile; fileRef = E80822292B684DFE0071DA21 /* LoginViewViewModel.swift */; };
		E808222C2B684E070071DA21 /* RegisterViewViewModel.swift in Sources */ = {isa = PBXBuildFile; fileRef = E808222B2B684E070071DA21 /* RegisterViewViewModel.swift */; };
/* End PBXBuildFile section */

/* Begin PBXFileReference section */
		E80821DE2B6844F10071DA21 /* Brainify.app */ = {isa = PBXFileReference; explicitFileType = wrapper.application; includeInIndex = 0; path = Brainify.app; sourceTree = BUILT_PRODUCTS_DIR; };
		E80821E12B6844F10071DA21 /* BrainifyApp.swift */ = {isa = PBXFileReference; lastKnownFileType = sourcecode.swift; path = BrainifyApp.swift; sourceTree = "<group>"; };
		E80821E32B6844F10071DA21 /* MainView.swift */ = {isa = PBXFileReference; lastKnownFileType = sourcecode.swift; path = MainView.swift; sourceTree = "<group>"; };
		E80821E52B6844F30071DA21 /* Assets.xcassets */ = {isa = PBXFileReference; lastKnownFileType = folder.assetcatalog; path = Assets.xcassets; sourceTree = "<group>"; };
		E80821E82B6844F30071DA21 /* Preview Assets.xcassets */ = {isa = PBXFileReference; lastKnownFileType = folder.assetcatalog; path = "Preview Assets.xcassets"; sourceTree = "<group>"; };
		E80821FE2B684BDA0071DA21 /* GoogleService-Info.plist */ = {isa = PBXFileReference; fileEncoding = 4; lastKnownFileType = text.plist.xml; path = "GoogleService-Info.plist"; sourceTree = "<group>"; };
		E80822002B684CBD0071DA21 /* DeckView.swift */ = {isa = PBXFileReference; lastKnownFileType = sourcecode.swift; path = DeckView.swift; sourceTree = "<group>"; };
		E80822022B684CCC0071DA21 /* SettingsView.swift */ = {isa = PBXFileReference; lastKnownFileType = sourcecode.swift; path = SettingsView.swift; sourceTree = "<group>"; };
		E80822052B684CDF0071DA21 /* AboutView.swift */ = {isa = PBXFileReference; lastKnownFileType = sourcecode.swift; path = AboutView.swift; sourceTree = "<group>"; };
		E80822072B684CE90071DA21 /* AddDeckView.swift */ = {isa = PBXFileReference; lastKnownFileType = sourcecode.swift; path = AddDeckView.swift; sourceTree = "<group>"; };
		E80822092B684CF30071DA21 /* SingleDeckView.swift */ = {isa = PBXFileReference; lastKnownFileType = sourcecode.swift; path = SingleDeckView.swift; sourceTree = "<group>"; };
		E808220B2B684D050071DA21 /* EditDeckView.swift */ = {isa = PBXFileReference; lastKnownFileType = sourcecode.swift; path = EditDeckView.swift; sourceTree = "<group>"; };
		E808220D2B684D0C0071DA21 /* ProfileView.swift */ = {isa = PBXFileReference; lastKnownFileType = sourcecode.swift; path = ProfileView.swift; sourceTree = "<group>"; };
		E808220F2B684D150071DA21 /* LoginView.swift */ = {isa = PBXFileReference; lastKnownFileType = sourcecode.swift; path = LoginView.swift; sourceTree = "<group>"; };
		E80822112B684D1B0071DA21 /* RegisterView.swift */ = {isa = PBXFileReference; lastKnownFileType = sourcecode.swift; path = RegisterView.swift; sourceTree = "<group>"; };
		E80822132B684D4A0071DA21 /* User.swift */ = {isa = PBXFileReference; lastKnownFileType = sourcecode.swift; path = User.swift; sourceTree = "<group>"; };
		E80822152B684D540071DA21 /* Deck.swift */ = {isa = PBXFileReference; lastKnownFileType = sourcecode.swift; path = Deck.swift; sourceTree = "<group>"; };
		E80822172B684D600071DA21 /* Flashcard.swift */ = {isa = PBXFileReference; lastKnownFileType = sourcecode.swift; path = Flashcard.swift; sourceTree = "<group>"; };
		E80822192B684D910071DA21 /* MainViewViewModel.swift */ = {isa = PBXFileReference; lastKnownFileType = sourcecode.swift; path = MainViewViewModel.swift; sourceTree = "<group>"; };
		E808221B2B684D970071DA21 /* DeckViewViewModel.swift */ = {isa = PBXFileReference; lastKnownFileType = sourcecode.swift; path = DeckViewViewModel.swift; sourceTree = "<group>"; };
		E808221D2B684DA30071DA21 /* SettingsViewViewModel.swift */ = {isa = PBXFileReference; lastKnownFileType = sourcecode.swift; path = SettingsViewViewModel.swift; sourceTree = "<group>"; };
		E808221F2B684DAD0071DA21 /* AboutViewViewModel.swift */ = {isa = PBXFileReference; lastKnownFileType = sourcecode.swift; path = AboutViewViewModel.swift; sourceTree = "<group>"; };
		E80822212B684DBF0071DA21 /* AddDeckViewViewModel.swift */ = {isa = PBXFileReference; lastKnownFileType = sourcecode.swift; path = AddDeckViewViewModel.swift; sourceTree = "<group>"; };
		E80822232B684DD60071DA21 /* SingleDeckViewViewModel.swift */ = {isa = PBXFileReference; lastKnownFileType = sourcecode.swift; path = SingleDeckViewViewModel.swift; sourceTree = "<group>"; };
		E80822252B684DE10071DA21 /* EditDeckViewViewModel.swift */ = {isa = PBXFileReference; lastKnownFileType = sourcecode.swift; path = EditDeckViewViewModel.swift; sourceTree = "<group>"; };
		E80822272B684DF30071DA21 /* ProfileViewViewModel.swift */ = {isa = PBXFileReference; lastKnownFileType = sourcecode.swift; path = ProfileViewViewModel.swift; sourceTree = "<group>"; };
		E80822292B684DFE0071DA21 /* LoginViewViewModel.swift */ = {isa = PBXFileReference; lastKnownFileType = sourcecode.swift; path = LoginViewViewModel.swift; sourceTree = "<group>"; };
		E808222B2B684E070071DA21 /* RegisterViewViewModel.swift */ = {isa = PBXFileReference; lastKnownFileType = sourcecode.swift; path = RegisterViewViewModel.swift; sourceTree = "<group>"; };
/* End PBXFileReference section */

/* Begin PBXFrameworksBuildPhase section */
		E80821DB2B6844F10071DA21 /* Frameworks */ = {
			isa = PBXFrameworksBuildPhase;
			buildActionMask = 2147483647;
			files = (
				E80821F52B6845F50071DA21 /* FirebaseAnalyticsSwift in Frameworks */,
				E80821F12B6845F40071DA21 /* FirebaseAnalytics in Frameworks */,
				E80821F32B6845F40071DA21 /* FirebaseAnalyticsOnDeviceConversion in Frameworks */,
				E80821F92B6845F50071DA21 /* FirebaseAppCheck in Frameworks */,
				E80821F72B6845F50071DA21 /* FirebaseAnalyticsWithoutAdIdSupport in Frameworks */,
			);
			runOnlyForDeploymentPostprocessing = 0;
		};
/* End PBXFrameworksBuildPhase section */

/* Begin PBXGroup section */
		E80821D52B6844F10071DA21 = {
			isa = PBXGroup;
			children = (
				E80821E02B6844F10071DA21 /* Brainify */,
				E80821DF2B6844F10071DA21 /* Products */,
			);
			sourceTree = "<group>";
		};
		E80821DF2B6844F10071DA21 /* Products */ = {
			isa = PBXGroup;
			children = (
				E80821DE2B6844F10071DA21 /* Brainify.app */,
			);
			name = Products;
			sourceTree = "<group>";
		};
		E80821E02B6844F10071DA21 /* Brainify */ = {
			isa = PBXGroup;
			children = (
				E80821FD2B684BCD0071DA21 /* Other */,
				E80821FC2B684BC40071DA21 /* Models */,
				E80821FB2B684BBF0071DA21 /* ViewModels */,
				E80821FA2B684BB80071DA21 /* Views */,
				E80821E72B6844F30071DA21 /* Preview Content */,
			);
			path = Brainify;
			sourceTree = "<group>";
		};
		E80821E72B6844F30071DA21 /* Preview Content */ = {
			isa = PBXGroup;
			children = (
				E80821E82B6844F30071DA21 /* Preview Assets.xcassets */,
			);
			path = "Preview Content";
			sourceTree = "<group>";
		};
		E80821FA2B684BB80071DA21 /* Views */ = {
			isa = PBXGroup;
			children = (
				E80821E32B6844F10071DA21 /* MainView.swift */,
				E80822002B684CBD0071DA21 /* DeckView.swift */,
				E80822022B684CCC0071DA21 /* SettingsView.swift */,
				E80822052B684CDF0071DA21 /* AboutView.swift */,
				E80822072B684CE90071DA21 /* AddDeckView.swift */,
				E80822092B684CF30071DA21 /* SingleDeckView.swift */,
				E808220B2B684D050071DA21 /* EditDeckView.swift */,
				E808220D2B684D0C0071DA21 /* ProfileView.swift */,
				E808220F2B684D150071DA21 /* LoginView.swift */,
				E80822112B684D1B0071DA21 /* RegisterView.swift */,
			);
			path = Views;
			sourceTree = "<group>";
		};
		E80821FB2B684BBF0071DA21 /* ViewModels */ = {
			isa = PBXGroup;
			children = (
				E80822192B684D910071DA21 /* MainViewViewModel.swift */,
				E808221B2B684D970071DA21 /* DeckViewViewModel.swift */,
				E808221D2B684DA30071DA21 /* SettingsViewViewModel.swift */,
				E808221F2B684DAD0071DA21 /* AboutViewViewModel.swift */,
				E80822212B684DBF0071DA21 /* AddDeckViewViewModel.swift */,
				E80822232B684DD60071DA21 /* SingleDeckViewViewModel.swift */,
				E80822252B684DE10071DA21 /* EditDeckViewViewModel.swift */,
				E80822272B684DF30071DA21 /* ProfileViewViewModel.swift */,
				E80822292B684DFE0071DA21 /* LoginViewViewModel.swift */,
				E808222B2B684E070071DA21 /* RegisterViewViewModel.swift */,
			);
			path = ViewModels;
			sourceTree = "<group>";
		};
		E80821FC2B684BC40071DA21 /* Models */ = {
			isa = PBXGroup;
			children = (
				E80822132B684D4A0071DA21 /* User.swift */,
				E80822152B684D540071DA21 /* Deck.swift */,
				E80822172B684D600071DA21 /* Flashcard.swift */,
			);
			path = Models;
			sourceTree = "<group>";
		};
		E80821FD2B684BCD0071DA21 /* Other */ = {
			isa = PBXGroup;
			children = (
				E80821E52B6844F30071DA21 /* Assets.xcassets */,
				E80821FE2B684BDA0071DA21 /* GoogleService-Info.plist */,
				E80821E12B6844F10071DA21 /* BrainifyApp.swift */,
			);
			path = Other;
			sourceTree = "<group>";
		};
/* End PBXGroup section */

/* Begin PBXNativeTarget section */
		E80821DD2B6844F10071DA21 /* Brainify */ = {
			isa = PBXNativeTarget;
			buildConfigurationList = E80821EC2B6844F30071DA21 /* Build configuration list for PBXNativeTarget "Brainify" */;
			buildPhases = (
				E80821DA2B6844F10071DA21 /* Sources */,
				E80821DB2B6844F10071DA21 /* Frameworks */,
				E80821DC2B6844F10071DA21 /* Resources */,
			);
			buildRules = (
			);
			dependencies = (
			);
			name = Brainify;
			packageProductDependencies = (
				E80821F02B6845F40071DA21 /* FirebaseAnalytics */,
				E80821F22B6845F40071DA21 /* FirebaseAnalyticsOnDeviceConversion */,
				E80821F42B6845F50071DA21 /* FirebaseAnalyticsSwift */,
				E80821F62B6845F50071DA21 /* FirebaseAnalyticsWithoutAdIdSupport */,
				E80821F82B6845F50071DA21 /* FirebaseAppCheck */,
			);
			productName = Brainify;
			productReference = E80821DE2B6844F10071DA21 /* Brainify.app */;
			productType = "com.apple.product-type.application";
		};
/* End PBXNativeTarget section */

/* Begin PBXProject section */
		E80821D62B6844F10071DA21 /* Project object */ = {
			isa = PBXProject;
			attributes = {
				BuildIndependentTargetsInParallel = 1;
				LastSwiftUpdateCheck = 1520;
				LastUpgradeCheck = 1520;
				TargetAttributes = {
					E80821DD2B6844F10071DA21 = {
						CreatedOnToolsVersion = 15.2;
					};
				};
			};
			buildConfigurationList = E80821D92B6844F10071DA21 /* Build configuration list for PBXProject "Brainify" */;
			compatibilityVersion = "Xcode 14.0";
			developmentRegion = en;
			hasScannedForEncodings = 0;
			knownRegions = (
				en,
				Base,
			);
			mainGroup = E80821D52B6844F10071DA21;
			packageReferences = (
				E80821EF2B6845F40071DA21 /* XCRemoteSwiftPackageReference "firebase-ios-sdk" */,
			);
			productRefGroup = E80821DF2B6844F10071DA21 /* Products */;
			projectDirPath = "";
			projectRoot = "";
			targets = (
				E80821DD2B6844F10071DA21 /* Brainify */,
			);
		};
/* End PBXProject section */

/* Begin PBXResourcesBuildPhase section */
		E80821DC2B6844F10071DA21 /* Resources */ = {
			isa = PBXResourcesBuildPhase;
			buildActionMask = 2147483647;
			files = (
				E80821E92B6844F30071DA21 /* Preview Assets.xcassets in Resources */,
				E80821E62B6844F30071DA21 /* Assets.xcassets in Resources */,
				E80821FF2B684BDB0071DA21 /* GoogleService-Info.plist in Resources */,
			);
			runOnlyForDeploymentPostprocessing = 0;
		};
/* End PBXResourcesBuildPhase section */

/* Begin PBXSourcesBuildPhase section */
		E80821DA2B6844F10071DA21 /* Sources */ = {
			isa = PBXSourcesBuildPhase;
			buildActionMask = 2147483647;
			files = (
				E80822262B684DE10071DA21 /* EditDeckViewViewModel.swift in Sources */,
				E80822242B684DD60071DA21 /* SingleDeckViewViewModel.swift in Sources */,
				E808222C2B684E070071DA21 /* RegisterViewViewModel.swift in Sources */,
				E80822222B684DBF0071DA21 /* AddDeckViewViewModel.swift in Sources */,
				E808221C2B684D970071DA21 /* DeckViewViewModel.swift in Sources */,
				E80822122B684D1B0071DA21 /* RegisterView.swift in Sources */,
				E80821E42B6844F10071DA21 /* MainView.swift in Sources */,
				E808222A2B684DFE0071DA21 /* LoginViewViewModel.swift in Sources */,
				E808220E2B684D0C0071DA21 /* ProfileView.swift in Sources */,
				E80822282B684DF30071DA21 /* ProfileViewViewModel.swift in Sources */,
				E80822032B684CCC0071DA21 /* SettingsView.swift in Sources */,
				E80821E22B6844F10071DA21 /* BrainifyApp.swift in Sources */,
				E808220A2B684CF30071DA21 /* SingleDeckView.swift in Sources */,
				E80822182B684D600071DA21 /* Flashcard.swift in Sources */,
				E80822082B684CE90071DA21 /* AddDeckView.swift in Sources */,
				E808221A2B684D910071DA21 /* MainViewViewModel.swift in Sources */,
				E808220C2B684D050071DA21 /* EditDeckView.swift in Sources */,
				E80822202B684DAD0071DA21 /* AboutViewViewModel.swift in Sources */,
				E80822142B684D4A0071DA21 /* User.swift in Sources */,
				E80822162B684D540071DA21 /* Deck.swift in Sources */,
				E80822012B684CBD0071DA21 /* DeckView.swift in Sources */,
				E80822102B684D150071DA21 /* LoginView.swift in Sources */,
				E808221E2B684DA30071DA21 /* SettingsViewViewModel.swift in Sources */,
				E80822062B684CDF0071DA21 /* AboutView.swift in Sources */,
			);
			runOnlyForDeploymentPostprocessing = 0;
		};
/* End PBXSourcesBuildPhase section */

/* Begin XCBuildConfiguration section */
		E80821EA2B6844F30071DA21 /* Debug */ = {
			isa = XCBuildConfiguration;
			buildSettings = {
				ALWAYS_SEARCH_USER_PATHS = NO;
				ASSETCATALOG_COMPILER_GENERATE_SWIFT_ASSET_SYMBOL_EXTENSIONS = YES;
				CLANG_ANALYZER_NONNULL = YES;
				CLANG_ANALYZER_NUMBER_OBJECT_CONVERSION = YES_AGGRESSIVE;
				CLANG_CXX_LANGUAGE_STANDARD = "gnu++20";
				CLANG_ENABLE_MODULES = YES;
				CLANG_ENABLE_OBJC_ARC = YES;
				CLANG_ENABLE_OBJC_WEAK = YES;
				CLANG_WARN_BLOCK_CAPTURE_AUTORELEASING = YES;
				CLANG_WARN_BOOL_CONVERSION = YES;
				CLANG_WARN_COMMA = YES;
				CLANG_WARN_CONSTANT_CONVERSION = YES;
				CLANG_WARN_DEPRECATED_OBJC_IMPLEMENTATIONS = YES;
				CLANG_WARN_DIRECT_OBJC_ISA_USAGE = YES_ERROR;
				CLANG_WARN_DOCUMENTATION_COMMENTS = YES;
				CLANG_WARN_EMPTY_BODY = YES;
				CLANG_WARN_ENUM_CONVERSION = YES;
				CLANG_WARN_INFINITE_RECURSION = YES;
				CLANG_WARN_INT_CONVERSION = YES;
				CLANG_WARN_NON_LITERAL_NULL_CONVERSION = YES;
				CLANG_WARN_OBJC_IMPLICIT_RETAIN_SELF = YES;
				CLANG_WARN_OBJC_LITERAL_CONVERSION = YES;
				CLANG_WARN_OBJC_ROOT_CLASS = YES_ERROR;
				CLANG_WARN_QUOTED_INCLUDE_IN_FRAMEWORK_HEADER = YES;
				CLANG_WARN_RANGE_LOOP_ANALYSIS = YES;
				CLANG_WARN_STRICT_PROTOTYPES = YES;
				CLANG_WARN_SUSPICIOUS_MOVE = YES;
				CLANG_WARN_UNGUARDED_AVAILABILITY = YES_AGGRESSIVE;
				CLANG_WARN_UNREACHABLE_CODE = YES;
				CLANG_WARN__DUPLICATE_METHOD_MATCH = YES;
				COPY_PHASE_STRIP = NO;
				DEBUG_INFORMATION_FORMAT = dwarf;
				ENABLE_STRICT_OBJC_MSGSEND = YES;
				ENABLE_TESTABILITY = YES;
				ENABLE_USER_SCRIPT_SANDBOXING = YES;
				GCC_C_LANGUAGE_STANDARD = gnu17;
				GCC_DYNAMIC_NO_PIC = NO;
				GCC_NO_COMMON_BLOCKS = YES;
				GCC_OPTIMIZATION_LEVEL = 0;
				GCC_PREPROCESSOR_DEFINITIONS = (
					"DEBUG=1",
					"$(inherited)",
				);
				GCC_WARN_64_TO_32_BIT_CONVERSION = YES;
				GCC_WARN_ABOUT_RETURN_TYPE = YES_ERROR;
				GCC_WARN_UNDECLARED_SELECTOR = YES;
				GCC_WARN_UNINITIALIZED_AUTOS = YES_AGGRESSIVE;
				GCC_WARN_UNUSED_FUNCTION = YES;
				GCC_WARN_UNUSED_VARIABLE = YES;
				IPHONEOS_DEPLOYMENT_TARGET = 17.2;
				LOCALIZATION_PREFERS_STRING_CATALOGS = YES;
				MTL_ENABLE_DEBUG_INFO = INCLUDE_SOURCE;
				MTL_FAST_MATH = YES;
				ONLY_ACTIVE_ARCH = YES;
				SDKROOT = iphoneos;
				SWIFT_ACTIVE_COMPILATION_CONDITIONS = "DEBUG $(inherited)";
				SWIFT_OPTIMIZATION_LEVEL = "-Onone";
			};
			name = Debug;
		};
		E80821EB2B6844F30071DA21 /* Release */ = {
			isa = XCBuildConfiguration;
			buildSettings = {
				ALWAYS_SEARCH_USER_PATHS = NO;
				ASSETCATALOG_COMPILER_GENERATE_SWIFT_ASSET_SYMBOL_EXTENSIONS = YES;
				CLANG_ANALYZER_NONNULL = YES;
				CLANG_ANALYZER_NUMBER_OBJECT_CONVERSION = YES_AGGRESSIVE;
				CLANG_CXX_LANGUAGE_STANDARD = "gnu++20";
				CLANG_ENABLE_MODULES = YES;
				CLANG_ENABLE_OBJC_ARC = YES;
				CLANG_ENABLE_OBJC_WEAK = YES;
				CLANG_WARN_BLOCK_CAPTURE_AUTORELEASING = YES;
				CLANG_WARN_BOOL_CONVERSION = YES;
				CLANG_WARN_COMMA = YES;
				CLANG_WARN_CONSTANT_CONVERSION = YES;
				CLANG_WARN_DEPRECATED_OBJC_IMPLEMENTATIONS = YES;
				CLANG_WARN_DIRECT_OBJC_ISA_USAGE = YES_ERROR;
				CLANG_WARN_DOCUMENTATION_COMMENTS = YES;
				CLANG_WARN_EMPTY_BODY = YES;
				CLANG_WARN_ENUM_CONVERSION = YES;
				CLANG_WARN_INFINITE_RECURSION = YES;
				CLANG_WARN_INT_CONVERSION = YES;
				CLANG_WARN_NON_LITERAL_NULL_CONVERSION = YES;
				CLANG_WARN_OBJC_IMPLICIT_RETAIN_SELF = YES;
				CLANG_WARN_OBJC_LITERAL_CONVERSION = YES;
				CLANG_WARN_OBJC_ROOT_CLASS = YES_ERROR;
				CLANG_WARN_QUOTED_INCLUDE_IN_FRAMEWORK_HEADER = YES;
				CLANG_WARN_RANGE_LOOP_ANALYSIS = YES;
				CLANG_WARN_STRICT_PROTOTYPES = YES;
				CLANG_WARN_SUSPICIOUS_MOVE = YES;
				CLANG_WARN_UNGUARDED_AVAILABILITY = YES_AGGRESSIVE;
				CLANG_WARN_UNREACHABLE_CODE = YES;
				CLANG_WARN__DUPLICATE_METHOD_MATCH = YES;
				COPY_PHASE_STRIP = NO;
				DEBUG_INFORMATION_FORMAT = "dwarf-with-dsym";
				ENABLE_NS_ASSERTIONS = NO;
				ENABLE_STRICT_OBJC_MSGSEND = YES;
				ENABLE_USER_SCRIPT_SANDBOXING = YES;
				GCC_C_LANGUAGE_STANDARD = gnu17;
				GCC_NO_COMMON_BLOCKS = YES;
				GCC_WARN_64_TO_32_BIT_CONVERSION = YES;
				GCC_WARN_ABOUT_RETURN_TYPE = YES_ERROR;
				GCC_WARN_UNDECLARED_SELECTOR = YES;
				GCC_WARN_UNINITIALIZED_AUTOS = YES_AGGRESSIVE;
				GCC_WARN_UNUSED_FUNCTION = YES;
				GCC_WARN_UNUSED_VARIABLE = YES;
				IPHONEOS_DEPLOYMENT_TARGET = 17.2;
				LOCALIZATION_PREFERS_STRING_CATALOGS = YES;
				MTL_ENABLE_DEBUG_INFO = NO;
				MTL_FAST_MATH = YES;
				SDKROOT = iphoneos;
				SWIFT_COMPILATION_MODE = wholemodule;
				VALIDATE_PRODUCT = YES;
			};
			name = Release;
		};
		E80821ED2B6844F30071DA21 /* Debug */ = {
			isa = XCBuildConfiguration;
			buildSettings = {
				ASSETCATALOG_COMPILER_APPICON_NAME = AppIcon;
				ASSETCATALOG_COMPILER_GLOBAL_ACCENT_COLOR_NAME = AccentColor;
				CODE_SIGN_STYLE = Automatic;
				CURRENT_PROJECT_VERSION = 1;
				DEVELOPMENT_ASSET_PATHS = "\"Brainify/Preview Content\"";
				ENABLE_PREVIEWS = YES;
				GENERATE_INFOPLIST_FILE = YES;
				INFOPLIST_KEY_UIApplicationSceneManifest_Generation = YES;
				INFOPLIST_KEY_UIApplicationSupportsIndirectInputEvents = YES;
				INFOPLIST_KEY_UILaunchScreen_Generation = YES;
				INFOPLIST_KEY_UISupportedInterfaceOrientations_iPad = "UIInterfaceOrientationPortrait UIInterfaceOrientationPortraitUpsideDown UIInterfaceOrientationLandscapeLeft UIInterfaceOrientationLandscapeRight";
				INFOPLIST_KEY_UISupportedInterfaceOrientations_iPhone = "UIInterfaceOrientationPortrait UIInterfaceOrientationLandscapeLeft UIInterfaceOrientationLandscapeRight";
				LD_RUNPATH_SEARCH_PATHS = (
					"$(inherited)",
					"@executable_path/Frameworks",
				);
				MARKETING_VERSION = 1.0;
				PRODUCT_BUNDLE_IDENTIFIER = com.ronikukaj.Brainify;
				PRODUCT_NAME = "$(TARGET_NAME)";
				SWIFT_EMIT_LOC_STRINGS = YES;
				SWIFT_VERSION = 5.0;
				TARGETED_DEVICE_FAMILY = "1,2";
			};
			name = Debug;
		};
		E80821EE2B6844F30071DA21 /* Release */ = {
			isa = XCBuildConfiguration;
			buildSettings = {
				ASSETCATALOG_COMPILER_APPICON_NAME = AppIcon;
				ASSETCATALOG_COMPILER_GLOBAL_ACCENT_COLOR_NAME = AccentColor;
				CODE_SIGN_STYLE = Automatic;
				CURRENT_PROJECT_VERSION = 1;
				DEVELOPMENT_ASSET_PATHS = "\"Brainify/Preview Content\"";
				ENABLE_PREVIEWS = YES;
				GENERATE_INFOPLIST_FILE = YES;
				INFOPLIST_KEY_UIApplicationSceneManifest_Generation = YES;
				INFOPLIST_KEY_UIApplicationSupportsIndirectInputEvents = YES;
				INFOPLIST_KEY_UILaunchScreen_Generation = YES;
				INFOPLIST_KEY_UISupportedInterfaceOrientations_iPad = "UIInterfaceOrientationPortrait UIInterfaceOrientationPortraitUpsideDown UIInterfaceOrientationLandscapeLeft UIInterfaceOrientationLandscapeRight";
				INFOPLIST_KEY_UISupportedInterfaceOrientations_iPhone = "UIInterfaceOrientationPortrait UIInterfaceOrientationLandscapeLeft UIInterfaceOrientationLandscapeRight";
				LD_RUNPATH_SEARCH_PATHS = (
					"$(inherited)",
					"@executable_path/Frameworks",
				);
				MARKETING_VERSION = 1.0;
				PRODUCT_BUNDLE_IDENTIFIER = com.ronikukaj.Brainify;
				PRODUCT_NAME = "$(TARGET_NAME)";
				SWIFT_EMIT_LOC_STRINGS = YES;
				SWIFT_VERSION = 5.0;
				TARGETED_DEVICE_FAMILY = "1,2";
			};
			name = Release;
		};
/* End XCBuildConfiguration section */

/* Begin XCConfigurationList section */
		E80821D92B6844F10071DA21 /* Build configuration list for PBXProject "Brainify" */ = {
			isa = XCConfigurationList;
			buildConfigurations = (
				E80821EA2B6844F30071DA21 /* Debug */,
				E80821EB2B6844F30071DA21 /* Release */,
			);
			defaultConfigurationIsVisible = 0;
			defaultConfigurationName = Release;
		};
		E80821EC2B6844F30071DA21 /* Build configuration list for PBXNativeTarget "Brainify" */ = {
			isa = XCConfigurationList;
			buildConfigurations = (
				E80821ED2B6844F30071DA21 /* Debug */,
				E80821EE2B6844F30071DA21 /* Release */,
			);
			defaultConfigurationIsVisible = 0;
			defaultConfigurationName = Release;
		};
/* End XCConfigurationList section */

/* Begin XCRemoteSwiftPackageReference section */
		E80821EF2B6845F40071DA21 /* XCRemoteSwiftPackageReference "firebase-ios-sdk" */ = {
			isa = XCRemoteSwiftPackageReference;
			repositoryURL = "https://github.com/firebase/firebase-ios-sdk";
			requirement = {
				kind = upToNextMajorVersion;
				minimumVersion = 10.20.0;
			};
		};
/* End XCRemoteSwiftPackageReference section */

/* Begin XCSwiftPackageProductDependency section */
		E80821F02B6845F40071DA21 /* FirebaseAnalytics */ = {
			isa = XCSwiftPackageProductDependency;
			package = E80821EF2B6845F40071DA21 /* XCRemoteSwiftPackageReference "firebase-ios-sdk" */;
			productName = FirebaseAnalytics;
		};
		E80821F22B6845F40071DA21 /* FirebaseAnalyticsOnDeviceConversion */ = {
			isa = XCSwiftPackageProductDependency;
			package = E80821EF2B6845F40071DA21 /* XCRemoteSwiftPackageReference "firebase-ios-sdk" */;
			productName = FirebaseAnalyticsOnDeviceConversion;
		};
		E80821F42B6845F50071DA21 /* FirebaseAnalyticsSwift */ = {
			isa = XCSwiftPackageProductDependency;
			package = E80821EF2B6845F40071DA21 /* XCRemoteSwiftPackageReference "firebase-ios-sdk" */;
			productName = FirebaseAnalyticsSwift;
		};
		E80821F62B6845F50071DA21 /* FirebaseAnalyticsWithoutAdIdSupport */ = {
			isa = XCSwiftPackageProductDependency;
			package = E80821EF2B6845F40071DA21 /* XCRemoteSwiftPackageReference "firebase-ios-sdk" */;
			productName = FirebaseAnalyticsWithoutAdIdSupport;
		};
		E80821F82B6845F50071DA21 /* FirebaseAppCheck */ = {
			isa = XCSwiftPackageProductDependency;
			package = E80821EF2B6845F40071DA21 /* XCRemoteSwiftPackageReference "firebase-ios-sdk" */;
			productName = FirebaseAppCheck;
		};
/* End XCSwiftPackageProductDependency section */
	};
	rootObject = E80821D62B6844F10071DA21 /* Project object */;
}
